// !$*UTF8*$!
{
	archiveVersion = 1;
	classes = {
	};
	objectVersion = 51;
	objects = {

/* Begin PBXBuildFile section */
		1E0FE7B6DB057BCFB137B60A /* libPods-CovidHelper.a in Frameworks */ = {isa = PBXBuildFile; fileRef = 971268C7634AAF11F5E542EA /* libPods-CovidHelper.a */; };
		7C313C0F24550D5300D89621 /* AppDelegate.swift in Sources */ = {isa = PBXBuildFile; fileRef = 7C313C0E24550D5300D89621 /* AppDelegate.swift */; };
		7C313C1324550D5300D89621 /* ViewController.swift in Sources */ = {isa = PBXBuildFile; fileRef = 7C313C1224550D5300D89621 /* ViewController.swift */; };
		7C313C1624550D5300D89621 /* Main.storyboard in Resources */ = {isa = PBXBuildFile; fileRef = 7C313C1424550D5300D89621 /* Main.storyboard */; };
		7C313C1924550D5300D89621 /* CovidHelper.xcdatamodeld in Sources */ = {isa = PBXBuildFile; fileRef = 7C313C1724550D5300D89621 /* CovidHelper.xcdatamodeld */; };
		7C313C1B24550D5300D89621 /* Assets.xcassets in Resources */ = {isa = PBXBuildFile; fileRef = 7C313C1A24550D5300D89621 /* Assets.xcassets */; };
		7C313C1E24550D5300D89621 /* LaunchScreen.storyboard in Resources */ = {isa = PBXBuildFile; fileRef = 7C313C1C24550D5300D89621 /* LaunchScreen.storyboard */; };
		7C313C262455158900D89621 /* GoogleService-Info.plist in Resources */ = {isa = PBXBuildFile; fileRef = 7C313C252455158900D89621 /* GoogleService-Info.plist */; };
		7C51B8D32455195D008B8EF3 /* LoginTextField.swift in Sources */ = {isa = PBXBuildFile; fileRef = 7C51B8D22455195D008B8EF3 /* LoginTextField.swift */; };
		7C51B8D5245519BC008B8EF3 /* SignUpViewController.swift in Sources */ = {isa = PBXBuildFile; fileRef = 7C51B8D4245519BC008B8EF3 /* SignUpViewController.swift */; };
		B215D001245658DE00F91888 /* GroceryDetailViewController.swift in Sources */ = {isa = PBXBuildFile; fileRef = B215D000245658DE00F91888 /* GroceryDetailViewController.swift */; };
		B215D00324565D2D00F91888 /* PaymentViewController.swift in Sources */ = {isa = PBXBuildFile; fileRef = B215D00224565D2D00F91888 /* PaymentViewController.swift */; };
		B2610FFB2455415F0031821D /* Cart.swift in Sources */ = {isa = PBXBuildFile; fileRef = B2610FFA2455415F0031821D /* Cart.swift */; };
		B2610FFD245541690031821D /* Order.swift in Sources */ = {isa = PBXBuildFile; fileRef = B2610FFC245541690031821D /* Order.swift */; };
		B2781B8F245532EA000C47AD /* CustomerMenuTab.swift in Sources */ = {isa = PBXBuildFile; fileRef = B2781B8E245532EA000C47AD /* CustomerMenuTab.swift */; };
		B290821A24556B9D00C0D8DF /* VolunteerMenuTab.swift in Sources */ = {isa = PBXBuildFile; fileRef = B290821924556B9D00C0D8DF /* VolunteerMenuTab.swift */; };
		B290824924556F4000C0D8DF /* OrderViewController.swift in Sources */ = {isa = PBXBuildFile; fileRef = B290824824556F4000C0D8DF /* OrderViewController.swift */; };
		B290824B2455720D00C0D8DF /* CartViewController.swift in Sources */ = {isa = PBXBuildFile; fileRef = B290824A2455720D00C0D8DF /* CartViewController.swift */; };
		B290824D2455727000C0D8DF /* CartItemCell.swift in Sources */ = {isa = PBXBuildFile; fileRef = B290824C2455727000C0D8DF /* CartItemCell.swift */; };
		B2C89EA42456040400D9BA40 /* Store.swift in Sources */ = {isa = PBXBuildFile; fileRef = B2C89EA32456040400D9BA40 /* Store.swift */; };
		B2C89EA6245606FD00D9BA40 /* StoreCell.swift in Sources */ = {isa = PBXBuildFile; fileRef = B2C89EA5245606FD00D9BA40 /* StoreCell.swift */; };
		B2C89EA82456099200D9BA40 /* StoreViewController.swift in Sources */ = {isa = PBXBuildFile; fileRef = B2C89EA72456099200D9BA40 /* StoreViewController.swift */; };
		B2C89EAB2456113800D9BA40 /* GroceryViewController.swift in Sources */ = {isa = PBXBuildFile; fileRef = B2C89EAA2456113800D9BA40 /* GroceryViewController.swift */; };
		B2C89EAD2456125E00D9BA40 /* Grocery.swift in Sources */ = {isa = PBXBuildFile; fileRef = B2C89EAC2456125E00D9BA40 /* Grocery.swift */; };
		B2C89EAF2456156200D9BA40 /* GroceryCell.swift in Sources */ = {isa = PBXBuildFile; fileRef = B2C89EAE2456156200D9BA40 /* GroceryCell.swift */; };
/* End PBXBuildFile section */

/* Begin PBXFileReference section */
		66E1EEFF970CB792073395B7 /* Pods-CovidHelper.release.xcconfig */ = {isa = PBXFileReference; includeInIndex = 1; lastKnownFileType = text.xcconfig; name = "Pods-CovidHelper.release.xcconfig"; path = "Target Support Files/Pods-CovidHelper/Pods-CovidHelper.release.xcconfig"; sourceTree = "<group>"; };
		7C313C0B24550D5300D89621 /* CovidHelper.app */ = {isa = PBXFileReference; explicitFileType = wrapper.application; includeInIndex = 0; path = CovidHelper.app; sourceTree = BUILT_PRODUCTS_DIR; };
		7C313C0E24550D5300D89621 /* AppDelegate.swift */ = {isa = PBXFileReference; lastKnownFileType = sourcecode.swift; path = AppDelegate.swift; sourceTree = "<group>"; };
		7C313C1224550D5300D89621 /* ViewController.swift */ = {isa = PBXFileReference; lastKnownFileType = sourcecode.swift; path = ViewController.swift; sourceTree = "<group>"; };
		7C313C1524550D5300D89621 /* Base */ = {isa = PBXFileReference; lastKnownFileType = file.storyboard; name = Base; path = Base.lproj/Main.storyboard; sourceTree = "<group>"; };
		7C313C1824550D5300D89621 /* CovidHelper.xcdatamodel */ = {isa = PBXFileReference; lastKnownFileType = wrapper.xcdatamodel; path = CovidHelper.xcdatamodel; sourceTree = "<group>"; };
		7C313C1A24550D5300D89621 /* Assets.xcassets */ = {isa = PBXFileReference; lastKnownFileType = folder.assetcatalog; path = Assets.xcassets; sourceTree = "<group>"; };
		7C313C1D24550D5300D89621 /* Base */ = {isa = PBXFileReference; lastKnownFileType = file.storyboard; name = Base; path = Base.lproj/LaunchScreen.storyboard; sourceTree = "<group>"; };
		7C313C1F24550D5300D89621 /* Info.plist */ = {isa = PBXFileReference; lastKnownFileType = text.plist.xml; path = Info.plist; sourceTree = "<group>"; };
		7C313C252455158900D89621 /* GoogleService-Info.plist */ = {isa = PBXFileReference; fileEncoding = 4; lastKnownFileType = text.plist.xml; path = "GoogleService-Info.plist"; sourceTree = "<group>"; };
		7C51B8D22455195D008B8EF3 /* LoginTextField.swift */ = {isa = PBXFileReference; lastKnownFileType = sourcecode.swift; path = LoginTextField.swift; sourceTree = "<group>"; };
		7C51B8D4245519BC008B8EF3 /* SignUpViewController.swift */ = {isa = PBXFileReference; lastKnownFileType = sourcecode.swift; path = SignUpViewController.swift; sourceTree = "<group>"; };
		971268C7634AAF11F5E542EA /* libPods-CovidHelper.a */ = {isa = PBXFileReference; explicitFileType = archive.ar; includeInIndex = 0; path = "libPods-CovidHelper.a"; sourceTree = BUILT_PRODUCTS_DIR; };
		B215D000245658DE00F91888 /* GroceryDetailViewController.swift */ = {isa = PBXFileReference; lastKnownFileType = sourcecode.swift; path = GroceryDetailViewController.swift; sourceTree = "<group>"; };
		B215D00224565D2D00F91888 /* PaymentViewController.swift */ = {isa = PBXFileReference; lastKnownFileType = sourcecode.swift; path = PaymentViewController.swift; sourceTree = "<group>"; };
		B2610FFA2455415F0031821D /* Cart.swift */ = {isa = PBXFileReference; lastKnownFileType = sourcecode.swift; path = Cart.swift; sourceTree = "<group>"; };
		B2610FFC245541690031821D /* Order.swift */ = {isa = PBXFileReference; lastKnownFileType = sourcecode.swift; path = Order.swift; sourceTree = "<group>"; };
		B2781B8E245532EA000C47AD /* CustomerMenuTab.swift */ = {isa = PBXFileReference; lastKnownFileType = sourcecode.swift; path = CustomerMenuTab.swift; sourceTree = "<group>"; };
		B290821924556B9D00C0D8DF /* VolunteerMenuTab.swift */ = {isa = PBXFileReference; lastKnownFileType = sourcecode.swift; path = VolunteerMenuTab.swift; sourceTree = "<group>"; };
		B290824824556F4000C0D8DF /* OrderViewController.swift */ = {isa = PBXFileReference; lastKnownFileType = sourcecode.swift; path = OrderViewController.swift; sourceTree = "<group>"; };
		B290824A2455720D00C0D8DF /* CartViewController.swift */ = {isa = PBXFileReference; lastKnownFileType = sourcecode.swift; path = CartViewController.swift; sourceTree = "<group>"; };
		B290824C2455727000C0D8DF /* CartItemCell.swift */ = {isa = PBXFileReference; lastKnownFileType = sourcecode.swift; path = CartItemCell.swift; sourceTree = "<group>"; };
		B2C89EA32456040400D9BA40 /* Store.swift */ = {isa = PBXFileReference; lastKnownFileType = sourcecode.swift; path = Store.swift; sourceTree = "<group>"; };
		B2C89EA5245606FD00D9BA40 /* StoreCell.swift */ = {isa = PBXFileReference; lastKnownFileType = sourcecode.swift; path = StoreCell.swift; sourceTree = "<group>"; };
		B2C89EA72456099200D9BA40 /* StoreViewController.swift */ = {isa = PBXFileReference; lastKnownFileType = sourcecode.swift; path = StoreViewController.swift; sourceTree = "<group>"; };
		B2C89EAA2456113800D9BA40 /* GroceryViewController.swift */ = {isa = PBXFileReference; lastKnownFileType = sourcecode.swift; path = GroceryViewController.swift; sourceTree = "<group>"; };
		B2C89EAC2456125E00D9BA40 /* Grocery.swift */ = {isa = PBXFileReference; lastKnownFileType = sourcecode.swift; path = Grocery.swift; sourceTree = "<group>"; };
		B2C89EAE2456156200D9BA40 /* GroceryCell.swift */ = {isa = PBXFileReference; lastKnownFileType = sourcecode.swift; path = GroceryCell.swift; sourceTree = "<group>"; };
		F0707BFD24045FB4691BDDB0 /* Pods-CovidHelper.debug.xcconfig */ = {isa = PBXFileReference; includeInIndex = 1; lastKnownFileType = text.xcconfig; name = "Pods-CovidHelper.debug.xcconfig"; path = "Target Support Files/Pods-CovidHelper/Pods-CovidHelper.debug.xcconfig"; sourceTree = "<group>"; };
/* End PBXFileReference section */

/* Begin PBXFrameworksBuildPhase section */
		7C313C0824550D5300D89621 /* Frameworks */ = {
			isa = PBXFrameworksBuildPhase;
			buildActionMask = 2147483647;
			files = (
				1E0FE7B6DB057BCFB137B60A /* libPods-CovidHelper.a in Frameworks */,
			);
			runOnlyForDeploymentPostprocessing = 0;
		};
/* End PBXFrameworksBuildPhase section */

/* Begin PBXGroup section */
		038D6D94C7D79B3C125DCF50 /* Frameworks */ = {
			isa = PBXGroup;
			children = (
				971268C7634AAF11F5E542EA /* libPods-CovidHelper.a */,
			);
			name = Frameworks;
			sourceTree = "<group>";
		};
		7C313C0224550D5200D89621 = {
			isa = PBXGroup;
			children = (
				7C313C0D24550D5300D89621 /* CovidHelper */,
				7C313C0C24550D5300D89621 /* Products */,
				E8827191CA2C2D9C32F09F20 /* Pods */,
				038D6D94C7D79B3C125DCF50 /* Frameworks */,
			);
			sourceTree = "<group>";
		};
		7C313C0C24550D5300D89621 /* Products */ = {
			isa = PBXGroup;
			children = (
				7C313C0B24550D5300D89621 /* CovidHelper.app */,
			);
			name = Products;
			sourceTree = "<group>";
		};
		7C313C0D24550D5300D89621 /* CovidHelper */ = {
			isa = PBXGroup;
			children = (
				B2781B8724552B53000C47AD /* Storyboards */,
				B2610FF92455414C0031821D /* Volunteer */,
				B2610FF82455413C0031821D /* Customer */,
				B2C89EA92456110A00D9BA40 /* Store */,
				7C51B8D4245519BC008B8EF3 /* SignUpViewController.swift */,
				7C313C1224550D5300D89621 /* ViewController.swift */,
				7C51B8D22455195D008B8EF3 /* LoginTextField.swift */,
				7C313C0E24550D5300D89621 /* AppDelegate.swift */,
				7C313C1A24550D5300D89621 /* Assets.xcassets */,
				7C313C1F24550D5300D89621 /* Info.plist */,
				7C313C252455158900D89621 /* GoogleService-Info.plist */,
				7C313C1724550D5300D89621 /* CovidHelper.xcdatamodeld */,
			);
			path = CovidHelper;
			sourceTree = "<group>";
		};
		B2610FF82455413C0031821D /* Customer */ = {
			isa = PBXGroup;
			children = (
				B2781B8E245532EA000C47AD /* CustomerMenuTab.swift */,
				B290824C2455727000C0D8DF /* CartItemCell.swift */,
				B2610FFA2455415F0031821D /* Cart.swift */,
				B290824A2455720D00C0D8DF /* CartViewController.swift */,
				B2610FFC245541690031821D /* Order.swift */,
				B290824824556F4000C0D8DF /* OrderViewController.swift */,
				B215D00224565D2D00F91888 /* PaymentViewController.swift */,
			);
			path = Customer;
			sourceTree = "<group>";
		};
		B2610FF92455414C0031821D /* Volunteer */ = {
			isa = PBXGroup;
			children = (
				B290821924556B9D00C0D8DF /* VolunteerMenuTab.swift */,
			);
			name = Volunteer;
			path = ..;
			sourceTree = "<group>";
		};
		B2781B8724552B53000C47AD /* Storyboards */ = {
			isa = PBXGroup;
			children = (
				7C313C1424550D5300D89621 /* Main.storyboard */,
				7C313C1C24550D5300D89621 /* LaunchScreen.storyboard */,
			);
			path = Storyboards;
			sourceTree = "<group>";
		};
		B2C89EA92456110A00D9BA40 /* Store */ = {
			isa = PBXGroup;
			children = (
				B2C89EA5245606FD00D9BA40 /* StoreCell.swift */,
				B2C89EA72456099200D9BA40 /* StoreViewController.swift */,
				B2C89EA32456040400D9BA40 /* Store.swift */,
				B215D000245658DE00F91888 /* GroceryDetailViewController.swift */,
				B2C89EAA2456113800D9BA40 /* GroceryViewController.swift */,
				B2C89EAE2456156200D9BA40 /* GroceryCell.swift */,
				B2C89EAC2456125E00D9BA40 /* Grocery.swift */,
			);
			path = Store;
			sourceTree = "<group>";
		};
		E8827191CA2C2D9C32F09F20 /* Pods */ = {
			isa = PBXGroup;
			children = (
				F0707BFD24045FB4691BDDB0 /* Pods-CovidHelper.debug.xcconfig */,
				66E1EEFF970CB792073395B7 /* Pods-CovidHelper.release.xcconfig */,
			);
			path = Pods;
			sourceTree = "<group>";
		};
/* End PBXGroup section */

/* Begin PBXNativeTarget section */
		7C313C0A24550D5300D89621 /* CovidHelper */ = {
			isa = PBXNativeTarget;
			buildConfigurationList = 7C313C2224550D5300D89621 /* Build configuration list for PBXNativeTarget "CovidHelper" */;
			buildPhases = (
				8BC562DF0D5BF35090A84CCB /* [CP] Check Pods Manifest.lock */,
				7C313C0724550D5300D89621 /* Sources */,
				7C313C0824550D5300D89621 /* Frameworks */,
				7C313C0924550D5300D89621 /* Resources */,
				20274F29DB6EB0C4D8ED7992 /* [CP] Copy Pods Resources */,
			);
			buildRules = (
			);
			dependencies = (
			);
			name = CovidHelper;
			productName = CovidHelper;
			productReference = 7C313C0B24550D5300D89621 /* CovidHelper.app */;
			productType = "com.apple.product-type.application";
		};
/* End PBXNativeTarget section */

/* Begin PBXProject section */
		7C313C0324550D5200D89621 /* Project object */ = {
			isa = PBXProject;
			attributes = {
				LastSwiftUpdateCheck = 1130;
				LastUpgradeCheck = 1130;
				ORGANIZATIONNAME = "Arnav Reddy";
				TargetAttributes = {
					7C313C0A24550D5300D89621 = {
						CreatedOnToolsVersion = 11.3;
					};
				};
			};
			buildConfigurationList = 7C313C0624550D5200D89621 /* Build configuration list for PBXProject "CovidHelper" */;
			compatibilityVersion = "Xcode 9.3";
			developmentRegion = en;
			hasScannedForEncodings = 0;
			knownRegions = (
				en,
				Base,
			);
			mainGroup = 7C313C0224550D5200D89621;
			productRefGroup = 7C313C0C24550D5300D89621 /* Products */;
			projectDirPath = "";
			projectRoot = "";
			targets = (
				7C313C0A24550D5300D89621 /* CovidHelper */,
			);
		};
/* End PBXProject section */

/* Begin PBXResourcesBuildPhase section */
		7C313C0924550D5300D89621 /* Resources */ = {
			isa = PBXResourcesBuildPhase;
			buildActionMask = 2147483647;
			files = (
				7C313C1E24550D5300D89621 /* LaunchScreen.storyboard in Resources */,
				7C313C1B24550D5300D89621 /* Assets.xcassets in Resources */,
				7C313C1624550D5300D89621 /* Main.storyboard in Resources */,
				7C313C262455158900D89621 /* GoogleService-Info.plist in Resources */,
			);
			runOnlyForDeploymentPostprocessing = 0;
		};
/* End PBXResourcesBuildPhase section */

/* Begin PBXShellScriptBuildPhase section */
		20274F29DB6EB0C4D8ED7992 /* [CP] Copy Pods Resources */ = {
			isa = PBXShellScriptBuildPhase;
			buildActionMask = 2147483647;
			files = (
			);
			inputFileListPaths = (
				"${PODS_ROOT}/Target Support Files/Pods-CovidHelper/Pods-CovidHelper-resources-${CONFIGURATION}-input-files.xcfilelist",
			);
			name = "[CP] Copy Pods Resources";
			outputFileListPaths = (
				"${PODS_ROOT}/Target Support Files/Pods-CovidHelper/Pods-CovidHelper-resources-${CONFIGURATION}-output-files.xcfilelist",
			);
			runOnlyForDeploymentPostprocessing = 0;
			shellPath = /bin/sh;
			shellScript = "\"${PODS_ROOT}/Target Support Files/Pods-CovidHelper/Pods-CovidHelper-resources.sh\"\n";
			showEnvVarsInLog = 0;
		};
		8BC562DF0D5BF35090A84CCB /* [CP] Check Pods Manifest.lock */ = {
			isa = PBXShellScriptBuildPhase;
			buildActionMask = 2147483647;
			files = (
			);
			inputFileListPaths = (
			);
			inputPaths = (
				"${PODS_PODFILE_DIR_PATH}/Podfile.lock",
				"${PODS_ROOT}/Manifest.lock",
			);
			name = "[CP] Check Pods Manifest.lock";
			outputFileListPaths = (
			);
			outputPaths = (
				"$(DERIVED_FILE_DIR)/Pods-CovidHelper-checkManifestLockResult.txt",
			);
			runOnlyForDeploymentPostprocessing = 0;
			shellPath = /bin/sh;
			shellScript = "diff \"${PODS_PODFILE_DIR_PATH}/Podfile.lock\" \"${PODS_ROOT}/Manifest.lock\" > /dev/null\nif [ $? != 0 ] ; then\n    # print error to STDERR\n    echo \"error: The sandbox is not in sync with the Podfile.lock. Run 'pod install' or update your CocoaPods installation.\" >&2\n    exit 1\nfi\n# This output is used by Xcode 'outputs' to avoid re-running this script phase.\necho \"SUCCESS\" > \"${SCRIPT_OUTPUT_FILE_0}\"\n";
			showEnvVarsInLog = 0;
		};
/* End PBXShellScriptBuildPhase section */

/* Begin PBXSourcesBuildPhase section */
		7C313C0724550D5300D89621 /* Sources */ = {
			isa = PBXSourcesBuildPhase;
			buildActionMask = 2147483647;
			files = (
				B2C89EAB2456113800D9BA40 /* GroceryViewController.swift in Sources */,
				B2C89EAD2456125E00D9BA40 /* Grocery.swift in Sources */,
				B2C89EA82456099200D9BA40 /* StoreViewController.swift in Sources */,
				7C51B8D5245519BC008B8EF3 /* SignUpViewController.swift in Sources */,
				B2610FFB2455415F0031821D /* Cart.swift in Sources */,
				B290824924556F4000C0D8DF /* OrderViewController.swift in Sources */,
				7C313C1324550D5300D89621 /* ViewController.swift in Sources */,
				B290824D2455727000C0D8DF /* CartItemCell.swift in Sources */,
				B2610FFD245541690031821D /* Order.swift in Sources */,
				7C313C1924550D5300D89621 /* CovidHelper.xcdatamodeld in Sources */,
				B2C89EA42456040400D9BA40 /* Store.swift in Sources */,
				B290824B2455720D00C0D8DF /* CartViewController.swift in Sources */,
				7C313C0F24550D5300D89621 /* AppDelegate.swift in Sources */,
				B2C89EAF2456156200D9BA40 /* GroceryCell.swift in Sources */,
				B215D00324565D2D00F91888 /* PaymentViewController.swift in Sources */,
				B2C89EA6245606FD00D9BA40 /* StoreCell.swift in Sources */,
				B290821A24556B9D00C0D8DF /* VolunteerMenuTab.swift in Sources */,
				7C51B8D32455195D008B8EF3 /* LoginTextField.swift in Sources */,
				B215D001245658DE00F91888 /* GroceryDetailViewController.swift in Sources */,
				B2781B8F245532EA000C47AD /* CustomerMenuTab.swift in Sources */,
			);
			runOnlyForDeploymentPostprocessing = 0;
		};
/* End PBXSourcesBuildPhase section */

/* Begin PBXVariantGroup section */
		7C313C1424550D5300D89621 /* Main.storyboard */ = {
			isa = PBXVariantGroup;
			children = (
				7C313C1524550D5300D89621 /* Base */,
			);
			name = Main.storyboard;
			sourceTree = "<group>";
		};
		7C313C1C24550D5300D89621 /* LaunchScreen.storyboard */ = {
			isa = PBXVariantGroup;
			children = (
				7C313C1D24550D5300D89621 /* Base */,
			);
			name = LaunchScreen.storyboard;
			sourceTree = "<group>";
		};
/* End PBXVariantGroup section */

/* Begin XCBuildConfiguration section */
		7C313C2024550D5300D89621 /* Debug */ = {
			isa = XCBuildConfiguration;
			buildSettings = {
				ALWAYS_SEARCH_USER_PATHS = NO;
				CLANG_ANALYZER_NONNULL = YES;
				CLANG_ANALYZER_NUMBER_OBJECT_CONVERSION = YES_AGGRESSIVE;
				CLANG_CXX_LANGUAGE_STANDARD = "gnu++14";
				CLANG_CXX_LIBRARY = "libc++";
				CLANG_ENABLE_MODULES = YES;
				CLANG_ENABLE_OBJC_ARC = YES;
				CLANG_ENABLE_OBJC_WEAK = YES;
				CLANG_WARN_BLOCK_CAPTURE_AUTORELEASING = YES;
				CLANG_WARN_BOOL_CONVERSION = YES;
				CLANG_WARN_COMMA = YES;
				CLANG_WARN_CONSTANT_CONVERSION = YES;
				CLANG_WARN_DEPRECATED_OBJC_IMPLEMENTATIONS = YES;
				CLANG_WARN_DIRECT_OBJC_ISA_USAGE = YES_ERROR;
				CLANG_WARN_DOCUMENTATION_COMMENTS = YES;
				CLANG_WARN_EMPTY_BODY = YES;
				CLANG_WARN_ENUM_CONVERSION = YES;
				CLANG_WARN_INFINITE_RECURSION = YES;
				CLANG_WARN_INT_CONVERSION = YES;
				CLANG_WARN_NON_LITERAL_NULL_CONVERSION = YES;
				CLANG_WARN_OBJC_IMPLICIT_RETAIN_SELF = YES;
				CLANG_WARN_OBJC_LITERAL_CONVERSION = YES;
				CLANG_WARN_OBJC_ROOT_CLASS = YES_ERROR;
				CLANG_WARN_RANGE_LOOP_ANALYSIS = YES;
				CLANG_WARN_STRICT_PROTOTYPES = YES;
				CLANG_WARN_SUSPICIOUS_MOVE = YES;
				CLANG_WARN_UNGUARDED_AVAILABILITY = YES_AGGRESSIVE;
				CLANG_WARN_UNREACHABLE_CODE = YES;
				CLANG_WARN__DUPLICATE_METHOD_MATCH = YES;
				COPY_PHASE_STRIP = NO;
				DEBUG_INFORMATION_FORMAT = dwarf;
				ENABLE_STRICT_OBJC_MSGSEND = YES;
				ENABLE_TESTABILITY = YES;
				GCC_C_LANGUAGE_STANDARD = gnu11;
				GCC_DYNAMIC_NO_PIC = NO;
				GCC_NO_COMMON_BLOCKS = YES;
				GCC_OPTIMIZATION_LEVEL = 0;
				GCC_PREPROCESSOR_DEFINITIONS = (
					"DEBUG=1",
					"$(inherited)",
				);
				GCC_WARN_64_TO_32_BIT_CONVERSION = YES;
				GCC_WARN_ABOUT_RETURN_TYPE = YES_ERROR;
				GCC_WARN_UNDECLARED_SELECTOR = YES;
				GCC_WARN_UNINITIALIZED_AUTOS = YES_AGGRESSIVE;
				GCC_WARN_UNUSED_FUNCTION = YES;
				GCC_WARN_UNUSED_VARIABLE = YES;
				IPHONEOS_DEPLOYMENT_TARGET = 13.2;
				MTL_ENABLE_DEBUG_INFO = INCLUDE_SOURCE;
				MTL_FAST_MATH = YES;
				ONLY_ACTIVE_ARCH = YES;
				SDKROOT = iphoneos;
				SWIFT_ACTIVE_COMPILATION_CONDITIONS = DEBUG;
				SWIFT_OPTIMIZATION_LEVEL = "-Onone";
			};
			name = Debug;
		};
		7C313C2124550D5300D89621 /* Release */ = {
			isa = XCBuildConfiguration;
			buildSettings = {
				ALWAYS_SEARCH_USER_PATHS = NO;
				CLANG_ANALYZER_NONNULL = YES;
				CLANG_ANALYZER_NUMBER_OBJECT_CONVERSION = YES_AGGRESSIVE;
				CLANG_CXX_LANGUAGE_STANDARD = "gnu++14";
				CLANG_CXX_LIBRARY = "libc++";
				CLANG_ENABLE_MODULES = YES;
				CLANG_ENABLE_OBJC_ARC = YES;
				CLANG_ENABLE_OBJC_WEAK = YES;
				CLANG_WARN_BLOCK_CAPTURE_AUTORELEASING = YES;
				CLANG_WARN_BOOL_CONVERSION = YES;
				CLANG_WARN_COMMA = YES;
				CLANG_WARN_CONSTANT_CONVERSION = YES;
				CLANG_WARN_DEPRECATED_OBJC_IMPLEMENTATIONS = YES;
				CLANG_WARN_DIRECT_OBJC_ISA_USAGE = YES_ERROR;
				CLANG_WARN_DOCUMENTATION_COMMENTS = YES;
				CLANG_WARN_EMPTY_BODY = YES;
				CLANG_WARN_ENUM_CONVERSION = YES;
				CLANG_WARN_INFINITE_RECURSION = YES;
				CLANG_WARN_INT_CONVERSION = YES;
				CLANG_WARN_NON_LITERAL_NULL_CONVERSION = YES;
				CLANG_WARN_OBJC_IMPLICIT_RETAIN_SELF = YES;
				CLANG_WARN_OBJC_LITERAL_CONVERSION = YES;
				CLANG_WARN_OBJC_ROOT_CLASS = YES_ERROR;
				CLANG_WARN_RANGE_LOOP_ANALYSIS = YES;
				CLANG_WARN_STRICT_PROTOTYPES = YES;
				CLANG_WARN_SUSPICIOUS_MOVE = YES;
				CLANG_WARN_UNGUARDED_AVAILABILITY = YES_AGGRESSIVE;
				CLANG_WARN_UNREACHABLE_CODE = YES;
				CLANG_WARN__DUPLICATE_METHOD_MATCH = YES;
				COPY_PHASE_STRIP = NO;
				DEBUG_INFORMATION_FORMAT = "dwarf-with-dsym";
				ENABLE_NS_ASSERTIONS = NO;
				ENABLE_STRICT_OBJC_MSGSEND = YES;
				GCC_C_LANGUAGE_STANDARD = gnu11;
				GCC_NO_COMMON_BLOCKS = YES;
				GCC_WARN_64_TO_32_BIT_CONVERSION = YES;
				GCC_WARN_ABOUT_RETURN_TYPE = YES_ERROR;
				GCC_WARN_UNDECLARED_SELECTOR = YES;
				GCC_WARN_UNINITIALIZED_AUTOS = YES_AGGRESSIVE;
				GCC_WARN_UNUSED_FUNCTION = YES;
				GCC_WARN_UNUSED_VARIABLE = YES;
				IPHONEOS_DEPLOYMENT_TARGET = 13.2;
				MTL_ENABLE_DEBUG_INFO = NO;
				MTL_FAST_MATH = YES;
				SDKROOT = iphoneos;
				SWIFT_COMPILATION_MODE = wholemodule;
				SWIFT_OPTIMIZATION_LEVEL = "-O";
				VALIDATE_PRODUCT = YES;
			};
			name = Release;
		};
		7C313C2324550D5300D89621 /* Debug */ = {
			isa = XCBuildConfiguration;
			baseConfigurationReference = F0707BFD24045FB4691BDDB0 /* Pods-CovidHelper.debug.xcconfig */;
			buildSettings = {
				ASSETCATALOG_COMPILER_APPICON_NAME = AppIcon;
				CODE_SIGN_STYLE = Automatic;
				DEVELOPMENT_TEAM = N8TSD5VH83;
				INFOPLIST_FILE = CovidHelper/Info.plist;
				LD_RUNPATH_SEARCH_PATHS = (
					"$(inherited)",
					"@executable_path/Frameworks",
				);
				PRODUCT_BUNDLE_IDENTIFIER = ArnavReddy.CovidHelper;
				PRODUCT_NAME = "$(TARGET_NAME)";
				SWIFT_VERSION = 5.0;
				TARGETED_DEVICE_FAMILY = "1,2";
			};
			name = Debug;
		};
		7C313C2424550D5300D89621 /* Release */ = {
			isa = XCBuildConfiguration;
			baseConfigurationReference = 66E1EEFF970CB792073395B7 /* Pods-CovidHelper.release.xcconfig */;
			buildSettings = {
				ASSETCATALOG_COMPILER_APPICON_NAME = AppIcon;
				CODE_SIGN_STYLE = Automatic;
				DEVELOPMENT_TEAM = N8TSD5VH83;
				INFOPLIST_FILE = CovidHelper/Info.plist;
				LD_RUNPATH_SEARCH_PATHS = (
					"$(inherited)",
					"@executable_path/Frameworks",
				);
				PRODUCT_BUNDLE_IDENTIFIER = ArnavReddy.CovidHelper;
				PRODUCT_NAME = "$(TARGET_NAME)";
				SWIFT_VERSION = 5.0;
				TARGETED_DEVICE_FAMILY = "1,2";
			};
			name = Release;
		};
/* End XCBuildConfiguration section */

/* Begin XCConfigurationList section */
		7C313C0624550D5200D89621 /* Build configuration list for PBXProject "CovidHelper" */ = {
			isa = XCConfigurationList;
			buildConfigurations = (
				7C313C2024550D5300D89621 /* Debug */,
				7C313C2124550D5300D89621 /* Release */,
			);
			defaultConfigurationIsVisible = 0;
			defaultConfigurationName = Release;
		};
		7C313C2224550D5300D89621 /* Build configuration list for PBXNativeTarget "CovidHelper" */ = {
			isa = XCConfigurationList;
			buildConfigurations = (
				7C313C2324550D5300D89621 /* Debug */,
				7C313C2424550D5300D89621 /* Release */,
			);
			defaultConfigurationIsVisible = 0;
			defaultConfigurationName = Release;
		};
/* End XCConfigurationList section */

/* Begin XCVersionGroup section */
		7C313C1724550D5300D89621 /* CovidHelper.xcdatamodeld */ = {
			isa = XCVersionGroup;
			children = (
				7C313C1824550D5300D89621 /* CovidHelper.xcdatamodel */,
			);
			currentVersion = 7C313C1824550D5300D89621 /* CovidHelper.xcdatamodel */;
			path = CovidHelper.xcdatamodeld;
			sourceTree = "<group>";
			versionGroupType = wrapper.xcdatamodel;
		};
/* End XCVersionGroup section */
	};
	rootObject = 7C313C0324550D5200D89621 /* Project object */;
}
